
Microsoft Visual Studio Solution File, Format Version 12.00
# Visual Studio Version 17
VisualStudioVersion = 17.0.31903.59
MinimumVisualStudioVersion = 10.0.40219.1
Project("{FAE04EC0-301F-11D3-BF4B-00C04F79EFBC}") = "factoryAbstract", "factoryAbstract\factoryAbstract.csproj", "{FD38F2B7-D9B8-45E7-8809-235D3591010B}"
EndProject
Global
	GlobalSection(SolutionConfigurationPlatforms) = preSolution
		Debug|Any CPU = Debug|Any CPU
		Release|Any CPU = Release|Any CPU
	EndGlobalSection
	GlobalSection(SolutionProperties) = preSolution
		HideSolutionNode = FALSE
	EndGlobalSection
	GlobalSection(ProjectConfigurationPlatforms) = postSolution
		{FD38F2B7-D9B8-45E7-8809-235D3591010B}.Debug|Any CPU.ActiveCfg = Debug|Any CPU
		{FD38F2B7-D9B8-45E7-8809-235D3591010B}.Debug|Any CPU.Build.0 = Debug|Any CPU
		{FD38F2B7-D9B8-45E7-8809-235D3591010B}.Release|Any CPU.ActiveCfg = Release|Any CPU
		{FD38F2B7-D9B8-45E7-8809-235D3591010B}.Release|Any CPU.Build.0 = Release|Any CPU
	EndGlobalSection
EndGlobal
